// !$*UTF8*$!
{
	archiveVersion = 1;
	classes = {
	};
	objectVersion = 56;
	objects = {

/* Begin PBXBuildFile section */
		1D06A0342C9887F200789703 /* Constants.swift in Sources */ = {isa = PBXBuildFile; fileRef = 1D06A0332C9887F200789703 /* Constants.swift */; };
		1D06A0362C98880400789703 /* Coin.swift in Sources */ = {isa = PBXBuildFile; fileRef = 1D06A0352C98880400789703 /* Coin.swift */; };
		1D06A03B2C988F9200789703 /* Router.swift in Sources */ = {isa = PBXBuildFile; fileRef = 1D06A03A2C988F9200789703 /* Router.swift */; };
		1D06A0422C989A1900789703 /* WebService.swift in Sources */ = {isa = PBXBuildFile; fileRef = 1D06A0412C989A1900789703 /* WebService.swift */; };
		1D0F2A9E2C99D4BA008AE77D /* LocalService.swift in Sources */ = {isa = PBXBuildFile; fileRef = 1D0F2A9D2C99D4BA008AE77D /* LocalService.swift */; };
		1D0F2AA02C99D596008AE77D /* CoinListViewModel.swift in Sources */ = {isa = PBXBuildFile; fileRef = 1D0F2A9F2C99D596008AE77D /* CoinListViewModel.swift */; };
		1D0F2AA22C99D8C7008AE77D /* CoinListView.swift in Sources */ = {isa = PBXBuildFile; fileRef = 1D0F2AA12C99D8C7008AE77D /* CoinListView.swift */; };
		1D0F2AA62C99DCF1008AE77D /* coins.json in Resources */ = {isa = PBXBuildFile; fileRef = 1D0F2AA52C99DCF1008AE77D /* coins.json */; };
		1D0F2AA82C99DF32008AE77D /* NetworkServiceProtocol.swift in Sources */ = {isa = PBXBuildFile; fileRef = 1D0F2AA72C99DF32008AE77D /* NetworkServiceProtocol.swift */; };
		1D0F2AAA2C99ECB4008AE77D /* CoinDetailView.swift in Sources */ = {isa = PBXBuildFile; fileRef = 1D0F2AA92C99ECB4008AE77D /* CoinDetailView.swift */; };
		1DA8D0F62C91F2DC00838BC7 /* CoinTrackerApp.swift in Sources */ = {isa = PBXBuildFile; fileRef = 1DA8D0F52C91F2DC00838BC7 /* CoinTrackerApp.swift */; };
		1DA8D0F82C91F2DC00838BC7 /* ContentView.swift in Sources */ = {isa = PBXBuildFile; fileRef = 1DA8D0F72C91F2DC00838BC7 /* ContentView.swift */; };
		1DA8D0FA2C91F2DE00838BC7 /* Assets.xcassets in Resources */ = {isa = PBXBuildFile; fileRef = 1DA8D0F92C91F2DE00838BC7 /* Assets.xcassets */; };
		1DA8D0FD2C91F2DE00838BC7 /* Preview Assets.xcassets in Resources */ = {isa = PBXBuildFile; fileRef = 1DA8D0FC2C91F2DE00838BC7 /* Preview Assets.xcassets */; };
		1DDBBA2B2C9A0BA9002802DE /* chartData.json in Resources */ = {isa = PBXBuildFile; fileRef = 1DDBBA2A2C9A0BA9002802DE /* chartData.json */; };
		1DDBBA2D2C9A0BCD002802DE /* ChartData.swift in Sources */ = {isa = PBXBuildFile; fileRef = 1DDBBA2C2C9A0BCD002802DE /* ChartData.swift */; };
		1DDBBA2F2C9A0C80002802DE /* CoinDetailViewModel.swift in Sources */ = {isa = PBXBuildFile; fileRef = 1DDBBA2E2C9A0C80002802DE /* CoinDetailViewModel.swift */; };
		1DDBBA312C9CA265002802DE /* CoinListRow.swift in Sources */ = {isa = PBXBuildFile; fileRef = 1DDBBA302C9CA265002802DE /* CoinListRow.swift */; };
		1DDBBA332C9CA3B1002802DE /* Double.swift in Sources */ = {isa = PBXBuildFile; fileRef = 1DDBBA322C9CA3B1002802DE /* Double.swift */; };
		1DDBBA352C9CA8B8002802DE /* TrendCoinsView.swift in Sources */ = {isa = PBXBuildFile; fileRef = 1DDBBA342C9CA8B8002802DE /* TrendCoinsView.swift */; };
		1DDBBA372C9D7596002802DE /* CustomListSortButton.swift in Sources */ = {isa = PBXBuildFile; fileRef = 1DDBBA362C9D7596002802DE /* CustomListSortButton.swift */; };
/* End PBXBuildFile section */

/* Begin PBXFileReference section */
		1D06A0332C9887F200789703 /* Constants.swift */ = {isa = PBXFileReference; lastKnownFileType = sourcecode.swift; path = Constants.swift; sourceTree = "<group>"; };
		1D06A0352C98880400789703 /* Coin.swift */ = {isa = PBXFileReference; lastKnownFileType = sourcecode.swift; path = Coin.swift; sourceTree = "<group>"; };
		1D06A03A2C988F9200789703 /* Router.swift */ = {isa = PBXFileReference; lastKnownFileType = sourcecode.swift; path = Router.swift; sourceTree = "<group>"; };
		1D06A0412C989A1900789703 /* WebService.swift */ = {isa = PBXFileReference; lastKnownFileType = sourcecode.swift; path = WebService.swift; sourceTree = "<group>"; };
		1D0F2A9D2C99D4BA008AE77D /* LocalService.swift */ = {isa = PBXFileReference; lastKnownFileType = sourcecode.swift; path = LocalService.swift; sourceTree = "<group>"; };
		1D0F2A9F2C99D596008AE77D /* CoinListViewModel.swift */ = {isa = PBXFileReference; lastKnownFileType = sourcecode.swift; path = CoinListViewModel.swift; sourceTree = "<group>"; };
		1D0F2AA12C99D8C7008AE77D /* CoinListView.swift */ = {isa = PBXFileReference; lastKnownFileType = sourcecode.swift; path = CoinListView.swift; sourceTree = "<group>"; };
		1D0F2AA52C99DCF1008AE77D /* coins.json */ = {isa = PBXFileReference; fileEncoding = 4; lastKnownFileType = text.json; path = coins.json; sourceTree = "<group>"; };
		1D0F2AA72C99DF32008AE77D /* NetworkServiceProtocol.swift */ = {isa = PBXFileReference; lastKnownFileType = sourcecode.swift; path = NetworkServiceProtocol.swift; sourceTree = "<group>"; };
		1D0F2AA92C99ECB4008AE77D /* CoinDetailView.swift */ = {isa = PBXFileReference; lastKnownFileType = sourcecode.swift; path = CoinDetailView.swift; sourceTree = "<group>"; };
		1DA8D0F22C91F2DC00838BC7 /* CoinTracker.app */ = {isa = PBXFileReference; explicitFileType = wrapper.application; includeInIndex = 0; path = CoinTracker.app; sourceTree = BUILT_PRODUCTS_DIR; };
		1DA8D0F52C91F2DC00838BC7 /* CoinTrackerApp.swift */ = {isa = PBXFileReference; lastKnownFileType = sourcecode.swift; path = CoinTrackerApp.swift; sourceTree = "<group>"; };
		1DA8D0F72C91F2DC00838BC7 /* ContentView.swift */ = {isa = PBXFileReference; lastKnownFileType = sourcecode.swift; path = ContentView.swift; sourceTree = "<group>"; };
		1DA8D0F92C91F2DE00838BC7 /* Assets.xcassets */ = {isa = PBXFileReference; lastKnownFileType = folder.assetcatalog; path = Assets.xcassets; sourceTree = "<group>"; };
		1DA8D0FC2C91F2DE00838BC7 /* Preview Assets.xcassets */ = {isa = PBXFileReference; lastKnownFileType = folder.assetcatalog; path = "Preview Assets.xcassets"; sourceTree = "<group>"; };
		1DDBBA2A2C9A0BA9002802DE /* chartData.json */ = {isa = PBXFileReference; fileEncoding = 4; lastKnownFileType = text.json; path = chartData.json; sourceTree = "<group>"; };
		1DDBBA2C2C9A0BCD002802DE /* ChartData.swift */ = {isa = PBXFileReference; lastKnownFileType = sourcecode.swift; path = ChartData.swift; sourceTree = "<group>"; };
		1DDBBA2E2C9A0C80002802DE /* CoinDetailViewModel.swift */ = {isa = PBXFileReference; lastKnownFileType = sourcecode.swift; path = CoinDetailViewModel.swift; sourceTree = "<group>"; };
		1DDBBA302C9CA265002802DE /* CoinListRow.swift */ = {isa = PBXFileReference; lastKnownFileType = sourcecode.swift; path = CoinListRow.swift; sourceTree = "<group>"; };
		1DDBBA322C9CA3B1002802DE /* Double.swift */ = {isa = PBXFileReference; lastKnownFileType = sourcecode.swift; path = Double.swift; sourceTree = "<group>"; };
		1DDBBA342C9CA8B8002802DE /* TrendCoinsView.swift */ = {isa = PBXFileReference; lastKnownFileType = sourcecode.swift; path = TrendCoinsView.swift; sourceTree = "<group>"; };
		1DDBBA362C9D7596002802DE /* CustomListSortButton.swift */ = {isa = PBXFileReference; lastKnownFileType = sourcecode.swift; path = CustomListSortButton.swift; sourceTree = "<group>"; };
/* End PBXFileReference section */

/* Begin PBXFrameworksBuildPhase section */
		1DA8D0EF2C91F2DC00838BC7 /* Frameworks */ = {
			isa = PBXFrameworksBuildPhase;
			buildActionMask = 2147483647;
			files = (
			);
			runOnlyForDeploymentPostprocessing = 0;
		};
/* End PBXFrameworksBuildPhase section */

/* Begin PBXGroup section */
		1D06A0372C988F7B00789703 /* Views */ = {
			isa = PBXGroup;
			children = (
				1D0F2AA12C99D8C7008AE77D /* CoinListView.swift */,
				1D0F2AA92C99ECB4008AE77D /* CoinDetailView.swift */,
				1DDBBA302C9CA265002802DE /* CoinListRow.swift */,
				1DDBBA342C9CA8B8002802DE /* TrendCoinsView.swift */,
			);
			path = Views;
			sourceTree = "<group>";
		};
		1D06A0382C988F7F00789703 /* ViewModels */ = {
			isa = PBXGroup;
			children = (
				1D0F2A9F2C99D596008AE77D /* CoinListViewModel.swift */,
				1DDBBA2E2C9A0C80002802DE /* CoinDetailViewModel.swift */,
			);
			path = ViewModels;
			sourceTree = "<group>";
		};
		1D06A0392C988F8800789703 /* Router */ = {
			isa = PBXGroup;
			children = (
				1D06A03A2C988F9200789703 /* Router.swift */,
			);
			path = Router;
			sourceTree = "<group>";
		};
		1D06A03C2C988FC900789703 /* Models */ = {
			isa = PBXGroup;
			children = (
				1D06A0352C98880400789703 /* Coin.swift */,
				1DDBBA2C2C9A0BCD002802DE /* ChartData.swift */,
			);
			path = Models;
			sourceTree = "<group>";
		};
		1D06A03D2C988FD300789703 /* Enums */ = {
			isa = PBXGroup;
			children = (
			);
			path = Enums;
			sourceTree = "<group>";
		};
		1D06A03E2C988FD700789703 /* Extensions */ = {
			isa = PBXGroup;
			children = (
				1DDBBA322C9CA3B1002802DE /* Double.swift */,
			);
			path = Extensions;
			sourceTree = "<group>";
		};
		1D06A03F2C988FDD00789703 /* Helper */ = {
			isa = PBXGroup;
			children = (
				1D06A0332C9887F200789703 /* Constants.swift */,
				1DDBBA362C9D7596002802DE /* CustomListSortButton.swift */,
			);
			path = Helper;
			sourceTree = "<group>";
		};
		1D06A0402C988FE200789703 /* Service */ = {
			isa = PBXGroup;
			children = (
				1D06A0412C989A1900789703 /* WebService.swift */,
				1D0F2A9D2C99D4BA008AE77D /* LocalService.swift */,
				1D0F2AA72C99DF32008AE77D /* NetworkServiceProtocol.swift */,
			);
			path = Service;
			sourceTree = "<group>";
		};
		1DA8D0E92C91F2DC00838BC7 = {
			isa = PBXGroup;
			children = (
				1DA8D0F42C91F2DC00838BC7 /* CoinTracker */,
				1DA8D0F32C91F2DC00838BC7 /* Products */,
			);
			sourceTree = "<group>";
		};
		1DA8D0F32C91F2DC00838BC7 /* Products */ = {
			isa = PBXGroup;
			children = (
				1DA8D0F22C91F2DC00838BC7 /* CoinTracker.app */,
			);
			name = Products;
			sourceTree = "<group>";
		};
		1DA8D0F42C91F2DC00838BC7 /* CoinTracker */ = {
			isa = PBXGroup;
			children = (
				1DDBBA2A2C9A0BA9002802DE /* chartData.json */,
				1D0F2AA52C99DCF1008AE77D /* coins.json */,
				1D06A0402C988FE200789703 /* Service */,
				1D06A03F2C988FDD00789703 /* Helper */,
				1D06A03E2C988FD700789703 /* Extensions */,
				1D06A03D2C988FD300789703 /* Enums */,
				1D06A03C2C988FC900789703 /* Models */,
				1D06A0392C988F8800789703 /* Router */,
				1D06A0382C988F7F00789703 /* ViewModels */,
				1D06A0372C988F7B00789703 /* Views */,
				1DA8D0F52C91F2DC00838BC7 /* CoinTrackerApp.swift */,
				1DA8D0F72C91F2DC00838BC7 /* ContentView.swift */,
				1DA8D0F92C91F2DE00838BC7 /* Assets.xcassets */,
				1DA8D0FB2C91F2DE00838BC7 /* Preview Content */,
			);
			path = CoinTracker;
			sourceTree = "<group>";
		};
		1DA8D0FB2C91F2DE00838BC7 /* Preview Content */ = {
			isa = PBXGroup;
			children = (
				1DA8D0FC2C91F2DE00838BC7 /* Preview Assets.xcassets */,
			);
			path = "Preview Content";
			sourceTree = "<group>";
		};
/* End PBXGroup section */

/* Begin PBXNativeTarget section */
		1DA8D0F12C91F2DC00838BC7 /* CoinTracker */ = {
			isa = PBXNativeTarget;
			buildConfigurationList = 1DA8D1002C91F2DE00838BC7 /* Build configuration list for PBXNativeTarget "CoinTracker" */;
			buildPhases = (
				1DA8D0EE2C91F2DC00838BC7 /* Sources */,
				1DA8D0EF2C91F2DC00838BC7 /* Frameworks */,
				1DA8D0F02C91F2DC00838BC7 /* Resources */,
			);
			buildRules = (
			);
			dependencies = (
			);
			name = CoinTracker;
			productName = CoinTracker;
			productReference = 1DA8D0F22C91F2DC00838BC7 /* CoinTracker.app */;
			productType = "com.apple.product-type.application";
		};
/* End PBXNativeTarget section */

/* Begin PBXProject section */
		1DA8D0EA2C91F2DC00838BC7 /* Project object */ = {
			isa = PBXProject;
			attributes = {
				BuildIndependentTargetsInParallel = 1;
				LastSwiftUpdateCheck = 1520;
				LastUpgradeCheck = 1520;
				TargetAttributes = {
					1DA8D0F12C91F2DC00838BC7 = {
						CreatedOnToolsVersion = 15.2;
					};
				};
			};
			buildConfigurationList = 1DA8D0ED2C91F2DC00838BC7 /* Build configuration list for PBXProject "CoinTracker" */;
			compatibilityVersion = "Xcode 14.0";
			developmentRegion = en;
			hasScannedForEncodings = 0;
			knownRegions = (
				en,
				Base,
			);
			mainGroup = 1DA8D0E92C91F2DC00838BC7;
			productRefGroup = 1DA8D0F32C91F2DC00838BC7 /* Products */;
			projectDirPath = "";
			projectRoot = "";
			targets = (
				1DA8D0F12C91F2DC00838BC7 /* CoinTracker */,
			);
		};
/* End PBXProject section */

/* Begin PBXResourcesBuildPhase section */
		1DA8D0F02C91F2DC00838BC7 /* Resources */ = {
			isa = PBXResourcesBuildPhase;
			buildActionMask = 2147483647;
			files = (
				1DA8D0FD2C91F2DE00838BC7 /* Preview Assets.xcassets in Resources */,
				1D0F2AA62C99DCF1008AE77D /* coins.json in Resources */,
				1DDBBA2B2C9A0BA9002802DE /* chartData.json in Resources */,
				1DA8D0FA2C91F2DE00838BC7 /* Assets.xcassets in Resources */,
			);
			runOnlyForDeploymentPostprocessing = 0;
		};
/* End PBXResourcesBuildPhase section */

/* Begin PBXSourcesBuildPhase section */
		1DA8D0EE2C91F2DC00838BC7 /* Sources */ = {
			isa = PBXSourcesBuildPhase;
			buildActionMask = 2147483647;
			files = (
				1D06A0422C989A1900789703 /* WebService.swift in Sources */,
				1DA8D0F82C91F2DC00838BC7 /* ContentView.swift in Sources */,
				1D0F2AAA2C99ECB4008AE77D /* CoinDetailView.swift in Sources */,
				1DDBBA372C9D7596002802DE /* CustomListSortButton.swift in Sources */,
				1DDBBA352C9CA8B8002802DE /* TrendCoinsView.swift in Sources */,
				1DA8D0F62C91F2DC00838BC7 /* CoinTrackerApp.swift in Sources */,
				1D0F2AA02C99D596008AE77D /* CoinListViewModel.swift in Sources */,
				1DDBBA312C9CA265002802DE /* CoinListRow.swift in Sources */,
				1D0F2AA82C99DF32008AE77D /* NetworkServiceProtocol.swift in Sources */,
				1D06A03B2C988F9200789703 /* Router.swift in Sources */,
				1DDBBA2F2C9A0C80002802DE /* CoinDetailViewModel.swift in Sources */,
				1D06A0362C98880400789703 /* Coin.swift in Sources */,
				1DDBBA2D2C9A0BCD002802DE /* ChartData.swift in Sources */,
				1D0F2A9E2C99D4BA008AE77D /* LocalService.swift in Sources */,
				1D06A0342C9887F200789703 /* Constants.swift in Sources */,
				1DDBBA332C9CA3B1002802DE /* Double.swift in Sources */,
				1D0F2AA22C99D8C7008AE77D /* CoinListView.swift in Sources */,
			);
			runOnlyForDeploymentPostprocessing = 0;
		};
/* End PBXSourcesBuildPhase section */

/* Begin XCBuildConfiguration section */
		1DA8D0FE2C91F2DE00838BC7 /* Debug */ = {
			isa = XCBuildConfiguration;
			buildSettings = {
				ALWAYS_SEARCH_USER_PATHS = NO;
				ASSETCATALOG_COMPILER_GENERATE_SWIFT_ASSET_SYMBOL_EXTENSIONS = YES;
				CLANG_ANALYZER_NONNULL = YES;
				CLANG_ANALYZER_NUMBER_OBJECT_CONVERSION = YES_AGGRESSIVE;
				CLANG_CXX_LANGUAGE_STANDARD = "gnu++20";
				CLANG_ENABLE_MODULES = YES;
				CLANG_ENABLE_OBJC_ARC = YES;
				CLANG_ENABLE_OBJC_WEAK = YES;
				CLANG_WARN_BLOCK_CAPTURE_AUTORELEASING = YES;
				CLANG_WARN_BOOL_CONVERSION = YES;
				CLANG_WARN_COMMA = YES;
				CLANG_WARN_CONSTANT_CONVERSION = YES;
				CLANG_WARN_DEPRECATED_OBJC_IMPLEMENTATIONS = YES;
				CLANG_WARN_DIRECT_OBJC_ISA_USAGE = YES_ERROR;
				CLANG_WARN_DOCUMENTATION_COMMENTS = YES;
				CLANG_WARN_EMPTY_BODY = YES;
				CLANG_WARN_ENUM_CONVERSION = YES;
				CLANG_WARN_INFINITE_RECURSION = YES;
				CLANG_WARN_INT_CONVERSION = YES;
				CLANG_WARN_NON_LITERAL_NULL_CONVERSION = YES;
				CLANG_WARN_OBJC_IMPLICIT_RETAIN_SELF = YES;
				CLANG_WARN_OBJC_LITERAL_CONVERSION = YES;
				CLANG_WARN_OBJC_ROOT_CLASS = YES_ERROR;
				CLANG_WARN_QUOTED_INCLUDE_IN_FRAMEWORK_HEADER = YES;
				CLANG_WARN_RANGE_LOOP_ANALYSIS = YES;
				CLANG_WARN_STRICT_PROTOTYPES = YES;
				CLANG_WARN_SUSPICIOUS_MOVE = YES;
				CLANG_WARN_UNGUARDED_AVAILABILITY = YES_AGGRESSIVE;
				CLANG_WARN_UNREACHABLE_CODE = YES;
				CLANG_WARN__DUPLICATE_METHOD_MATCH = YES;
				COPY_PHASE_STRIP = NO;
				DEBUG_INFORMATION_FORMAT = dwarf;
				ENABLE_STRICT_OBJC_MSGSEND = YES;
				ENABLE_TESTABILITY = YES;
				ENABLE_USER_SCRIPT_SANDBOXING = YES;
				GCC_C_LANGUAGE_STANDARD = gnu17;
				GCC_DYNAMIC_NO_PIC = NO;
				GCC_NO_COMMON_BLOCKS = YES;
				GCC_OPTIMIZATION_LEVEL = 0;
				GCC_PREPROCESSOR_DEFINITIONS = (
					"DEBUG=1",
					"$(inherited)",
				);
				GCC_WARN_64_TO_32_BIT_CONVERSION = YES;
				GCC_WARN_ABOUT_RETURN_TYPE = YES_ERROR;
				GCC_WARN_UNDECLARED_SELECTOR = YES;
				GCC_WARN_UNINITIALIZED_AUTOS = YES_AGGRESSIVE;
				GCC_WARN_UNUSED_FUNCTION = YES;
				GCC_WARN_UNUSED_VARIABLE = YES;
				IPHONEOS_DEPLOYMENT_TARGET = 17.2;
				LOCALIZATION_PREFERS_STRING_CATALOGS = YES;
				MTL_ENABLE_DEBUG_INFO = INCLUDE_SOURCE;
				MTL_FAST_MATH = YES;
				ONLY_ACTIVE_ARCH = YES;
				SDKROOT = iphoneos;
				SWIFT_ACTIVE_COMPILATION_CONDITIONS = "DEBUG $(inherited)";
				SWIFT_OPTIMIZATION_LEVEL = "-Onone";
			};
			name = Debug;
		};
		1DA8D0FF2C91F2DE00838BC7 /* Release */ = {
			isa = XCBuildConfiguration;
			buildSettings = {
				ALWAYS_SEARCH_USER_PATHS = NO;
				ASSETCATALOG_COMPILER_GENERATE_SWIFT_ASSET_SYMBOL_EXTENSIONS = YES;
				CLANG_ANALYZER_NONNULL = YES;
				CLANG_ANALYZER_NUMBER_OBJECT_CONVERSION = YES_AGGRESSIVE;
				CLANG_CXX_LANGUAGE_STANDARD = "gnu++20";
				CLANG_ENABLE_MODULES = YES;
				CLANG_ENABLE_OBJC_ARC = YES;
				CLANG_ENABLE_OBJC_WEAK = YES;
				CLANG_WARN_BLOCK_CAPTURE_AUTORELEASING = YES;
				CLANG_WARN_BOOL_CONVERSION = YES;
				CLANG_WARN_COMMA = YES;
				CLANG_WARN_CONSTANT_CONVERSION = YES;
				CLANG_WARN_DEPRECATED_OBJC_IMPLEMENTATIONS = YES;
				CLANG_WARN_DIRECT_OBJC_ISA_USAGE = YES_ERROR;
				CLANG_WARN_DOCUMENTATION_COMMENTS = YES;
				CLANG_WARN_EMPTY_BODY = YES;
				CLANG_WARN_ENUM_CONVERSION = YES;
				CLANG_WARN_INFINITE_RECURSION = YES;
				CLANG_WARN_INT_CONVERSION = YES;
				CLANG_WARN_NON_LITERAL_NULL_CONVERSION = YES;
				CLANG_WARN_OBJC_IMPLICIT_RETAIN_SELF = YES;
				CLANG_WARN_OBJC_LITERAL_CONVERSION = YES;
				CLANG_WARN_OBJC_ROOT_CLASS = YES_ERROR;
				CLANG_WARN_QUOTED_INCLUDE_IN_FRAMEWORK_HEADER = YES;
				CLANG_WARN_RANGE_LOOP_ANALYSIS = YES;
				CLANG_WARN_STRICT_PROTOTYPES = YES;
				CLANG_WARN_SUSPICIOUS_MOVE = YES;
				CLANG_WARN_UNGUARDED_AVAILABILITY = YES_AGGRESSIVE;
				CLANG_WARN_UNREACHABLE_CODE = YES;
				CLANG_WARN__DUPLICATE_METHOD_MATCH = YES;
				COPY_PHASE_STRIP = NO;
				DEBUG_INFORMATION_FORMAT = "dwarf-with-dsym";
				ENABLE_NS_ASSERTIONS = NO;
				ENABLE_STRICT_OBJC_MSGSEND = YES;
				ENABLE_USER_SCRIPT_SANDBOXING = YES;
				GCC_C_LANGUAGE_STANDARD = gnu17;
				GCC_NO_COMMON_BLOCKS = YES;
				GCC_WARN_64_TO_32_BIT_CONVERSION = YES;
				GCC_WARN_ABOUT_RETURN_TYPE = YES_ERROR;
				GCC_WARN_UNDECLARED_SELECTOR = YES;
				GCC_WARN_UNINITIALIZED_AUTOS = YES_AGGRESSIVE;
				GCC_WARN_UNUSED_FUNCTION = YES;
				GCC_WARN_UNUSED_VARIABLE = YES;
				IPHONEOS_DEPLOYMENT_TARGET = 17.2;
				LOCALIZATION_PREFERS_STRING_CATALOGS = YES;
				MTL_ENABLE_DEBUG_INFO = NO;
				MTL_FAST_MATH = YES;
				SDKROOT = iphoneos;
				SWIFT_COMPILATION_MODE = wholemodule;
				VALIDATE_PRODUCT = YES;
			};
			name = Release;
		};
		1DA8D1012C91F2DE00838BC7 /* Debug */ = {
			isa = XCBuildConfiguration;
			buildSettings = {
				ASSETCATALOG_COMPILER_APPICON_NAME = AppIcon;
				ASSETCATALOG_COMPILER_GLOBAL_ACCENT_COLOR_NAME = AccentColor;
				CODE_SIGN_STYLE = Automatic;
				CURRENT_PROJECT_VERSION = 1;
				DEVELOPMENT_ASSET_PATHS = "\"CoinTracker/Preview Content\"";
				DEVELOPMENT_TEAM = J9YF63537C;
				ENABLE_PREVIEWS = YES;
				GENERATE_INFOPLIST_FILE = YES;
				INFOPLIST_KEY_UIApplicationSceneManifest_Generation = YES;
				INFOPLIST_KEY_UIApplicationSupportsIndirectInputEvents = YES;
				INFOPLIST_KEY_UILaunchScreen_Generation = YES;
				INFOPLIST_KEY_UISupportedInterfaceOrientations_iPad = "UIInterfaceOrientationPortrait UIInterfaceOrientationPortraitUpsideDown UIInterfaceOrientationLandscapeLeft UIInterfaceOrientationLandscapeRight";
				INFOPLIST_KEY_UISupportedInterfaceOrientations_iPhone = "UIInterfaceOrientationPortrait UIInterfaceOrientationLandscapeLeft UIInterfaceOrientationLandscapeRight";
				LD_RUNPATH_SEARCH_PATHS = (
					"$(inherited)",
					"@executable_path/Frameworks",
				);
				MARKETING_VERSION = 1.0;
				PRODUCT_BUNDLE_IDENTIFIER = com.huseyingundogdu.CoinTracker;
				PRODUCT_NAME = "$(TARGET_NAME)";
				SWIFT_EMIT_LOC_STRINGS = YES;
				SWIFT_VERSION = 5.0;
				TARGETED_DEVICE_FAMILY = "1,2";
			};
			name = Debug;
		};
		1DA8D1022C91F2DE00838BC7 /* Release */ = {
			isa = XCBuildConfiguration;
			buildSettings = {
				ASSETCATALOG_COMPILER_APPICON_NAME = AppIcon;
				ASSETCATALOG_COMPILER_GLOBAL_ACCENT_COLOR_NAME = AccentColor;
				CODE_SIGN_STYLE = Automatic;
				CURRENT_PROJECT_VERSION = 1;
				DEVELOPMENT_ASSET_PATHS = "\"CoinTracker/Preview Content\"";
				DEVELOPMENT_TEAM = J9YF63537C;
				ENABLE_PREVIEWS = YES;
				GENERATE_INFOPLIST_FILE = YES;
				INFOPLIST_KEY_UIApplicationSceneManifest_Generation = YES;
				INFOPLIST_KEY_UIApplicationSupportsIndirectInputEvents = YES;
				INFOPLIST_KEY_UILaunchScreen_Generation = YES;
				INFOPLIST_KEY_UISupportedInterfaceOrientations_iPad = "UIInterfaceOrientationPortrait UIInterfaceOrientationPortraitUpsideDown UIInterfaceOrientationLandscapeLeft UIInterfaceOrientationLandscapeRight";
				INFOPLIST_KEY_UISupportedInterfaceOrientations_iPhone = "UIInterfaceOrientationPortrait UIInterfaceOrientationLandscapeLeft UIInterfaceOrientationLandscapeRight";
				LD_RUNPATH_SEARCH_PATHS = (
					"$(inherited)",
					"@executable_path/Frameworks",
				);
				MARKETING_VERSION = 1.0;
				PRODUCT_BUNDLE_IDENTIFIER = com.huseyingundogdu.CoinTracker;
				PRODUCT_NAME = "$(TARGET_NAME)";
				SWIFT_EMIT_LOC_STRINGS = YES;
				SWIFT_VERSION = 5.0;
				TARGETED_DEVICE_FAMILY = "1,2";
			};
			name = Release;
		};
/* End XCBuildConfiguration section */

/* Begin XCConfigurationList section */
		1DA8D0ED2C91F2DC00838BC7 /* Build configuration list for PBXProject "CoinTracker" */ = {
			isa = XCConfigurationList;
			buildConfigurations = (
				1DA8D0FE2C91F2DE00838BC7 /* Debug */,
				1DA8D0FF2C91F2DE00838BC7 /* Release */,
			);
			defaultConfigurationIsVisible = 0;
			defaultConfigurationName = Release;
		};
		1DA8D1002C91F2DE00838BC7 /* Build configuration list for PBXNativeTarget "CoinTracker" */ = {
			isa = XCConfigurationList;
			buildConfigurations = (
				1DA8D1012C91F2DE00838BC7 /* Debug */,
				1DA8D1022C91F2DE00838BC7 /* Release */,
			);
			defaultConfigurationIsVisible = 0;
			defaultConfigurationName = Release;
		};
/* End XCConfigurationList section */
	};
	rootObject = 1DA8D0EA2C91F2DC00838BC7 /* Project object */;
}
